// !$*UTF8*$!
{
	archiveVersion = 1;
	classes = {
	};
	objectVersion = 56;
	objects = {

/* Begin PBXBuildFile section */
		2F04DD1A2B3D5FE200A9518E /* XhreadApp.swift in Sources */ = {isa = PBXBuildFile; fileRef = 2F04DD192B3D5FE200A9518E /* XhreadApp.swift */; };
		2F5494862B3DBA0E00CAFF70 /* PrevHomeView.swift in Sources */ = {isa = PBXBuildFile; fileRef = 2F5494852B3DBA0E00CAFF70 /* PrevHomeView.swift */; };
		2F5494882B3DBA4100CAFF70 /* HeaderView.swift in Sources */ = {isa = PBXBuildFile; fileRef = 2F5494872B3DBA4100CAFF70 /* HeaderView.swift */; };
		2F54948A2B3DBA9600CAFF70 /* ContentView.swift in Sources */ = {isa = PBXBuildFile; fileRef = 2F5494892B3DBA9600CAFF70 /* ContentView.swift */; };
		2F54948D2B3DDD4800CAFF70 /* CalloutView.swift in Sources */ = {isa = PBXBuildFile; fileRef = 2F54948C2B3DDD4800CAFF70 /* CalloutView.swift */; };
		2FA99AA22B3D51FB00CED5BA /* PrevContentView.swift in Sources */ = {isa = PBXBuildFile; fileRef = 2FA99AA12B3D51FB00CED5BA /* PrevContentView.swift */; };
		2FA99AA42B3D51FD00CED5BA /* Assets.xcassets in Resources */ = {isa = PBXBuildFile; fileRef = 2FA99AA32B3D51FD00CED5BA /* Assets.xcassets */; };
		2FA99AA72B3D51FD00CED5BA /* Preview Assets.xcassets in Resources */ = {isa = PBXBuildFile; fileRef = 2FA99AA62B3D51FD00CED5BA /* Preview Assets.xcassets */; };
		2FA99AB12B3D51FE00CED5BA /* XhreadAppTests.swift in Sources */ = {isa = PBXBuildFile; fileRef = 2FA99AB02B3D51FE00CED5BA /* XhreadAppTests.swift */; };
		2FA99ABB2B3D51FE00CED5BA /* XhreadAppUITests.swift in Sources */ = {isa = PBXBuildFile; fileRef = 2FA99ABA2B3D51FE00CED5BA /* XhreadAppUITests.swift */; };
		2FA99ABD2B3D51FE00CED5BA /* XhreadAppUITestsLaunchTests.swift in Sources */ = {isa = PBXBuildFile; fileRef = 2FA99ABC2B3D51FE00CED5BA /* XhreadAppUITestsLaunchTests.swift */; };
/* End PBXBuildFile section */

/* Begin PBXContainerItemProxy section */
		2FA99AAD2B3D51FE00CED5BA /* PBXContainerItemProxy */ = {
			isa = PBXContainerItemProxy;
			containerPortal = 2FA99A942B3D51FB00CED5BA /* Project object */;
			proxyType = 1;
			remoteGlobalIDString = 2FA99A9B2B3D51FB00CED5BA;
			remoteInfo = VoidProject;
		};
		2FA99AB72B3D51FE00CED5BA /* PBXContainerItemProxy */ = {
			isa = PBXContainerItemProxy;
			containerPortal = 2FA99A942B3D51FB00CED5BA /* Project object */;
			proxyType = 1;
			remoteGlobalIDString = 2FA99A9B2B3D51FB00CED5BA;
			remoteInfo = VoidProject;
		};
/* End PBXContainerItemProxy section */

/* Begin PBXFileReference section */
		2F04DD192B3D5FE200A9518E /* XhreadApp.swift */ = {isa = PBXFileReference; fileEncoding = 4; lastKnownFileType = sourcecode.swift; path = XhreadApp.swift; sourceTree = "<group>"; };
		2F5494852B3DBA0E00CAFF70 /* PrevHomeView.swift */ = {isa = PBXFileReference; lastKnownFileType = sourcecode.swift; path = PrevHomeView.swift; sourceTree = "<group>"; };
		2F5494872B3DBA4100CAFF70 /* HeaderView.swift */ = {isa = PBXFileReference; lastKnownFileType = sourcecode.swift; path = HeaderView.swift; sourceTree = "<group>"; };
		2F5494892B3DBA9600CAFF70 /* ContentView.swift */ = {isa = PBXFileReference; lastKnownFileType = sourcecode.swift; path = ContentView.swift; sourceTree = "<group>"; };
		2F54948C2B3DDD4800CAFF70 /* CalloutView.swift */ = {isa = PBXFileReference; lastKnownFileType = sourcecode.swift; path = CalloutView.swift; sourceTree = "<group>"; };
		2FA99A9C2B3D51FB00CED5BA /* Xhread.app */ = {isa = PBXFileReference; explicitFileType = wrapper.application; includeInIndex = 0; path = Xhread.app; sourceTree = BUILT_PRODUCTS_DIR; };
		2FA99AA12B3D51FB00CED5BA /* PrevContentView.swift */ = {isa = PBXFileReference; lastKnownFileType = sourcecode.swift; path = PrevContentView.swift; sourceTree = "<group>"; };
		2FA99AA32B3D51FD00CED5BA /* Assets.xcassets */ = {isa = PBXFileReference; lastKnownFileType = folder.assetcatalog; path = Assets.xcassets; sourceTree = "<group>"; };
		2FA99AA62B3D51FD00CED5BA /* Preview Assets.xcassets */ = {isa = PBXFileReference; lastKnownFileType = folder.assetcatalog; path = "Preview Assets.xcassets"; sourceTree = "<group>"; };
		2FA99AAC2B3D51FE00CED5BA /* XhreadTests.xctest */ = {isa = PBXFileReference; explicitFileType = wrapper.cfbundle; includeInIndex = 0; path = XhreadTests.xctest; sourceTree = BUILT_PRODUCTS_DIR; };
		2FA99AB02B3D51FE00CED5BA /* XhreadAppTests.swift */ = {isa = PBXFileReference; lastKnownFileType = sourcecode.swift; path = XhreadAppTests.swift; sourceTree = "<group>"; };
		2FA99AB62B3D51FE00CED5BA /* XhreadUITests.xctest */ = {isa = PBXFileReference; explicitFileType = wrapper.cfbundle; includeInIndex = 0; path = XhreadUITests.xctest; sourceTree = BUILT_PRODUCTS_DIR; };
		2FA99ABA2B3D51FE00CED5BA /* XhreadAppUITests.swift */ = {isa = PBXFileReference; lastKnownFileType = sourcecode.swift; path = XhreadAppUITests.swift; sourceTree = "<group>"; };
		2FA99ABC2B3D51FE00CED5BA /* XhreadAppUITestsLaunchTests.swift */ = {isa = PBXFileReference; lastKnownFileType = sourcecode.swift; path = XhreadAppUITestsLaunchTests.swift; sourceTree = "<group>"; };
/* End PBXFileReference section */

/* Begin PBXFrameworksBuildPhase section */
		2FA99A992B3D51FB00CED5BA /* Frameworks */ = {
			isa = PBXFrameworksBuildPhase;
			buildActionMask = 2147483647;
			files = (
			);
			runOnlyForDeploymentPostprocessing = 0;
		};
		2FA99AA92B3D51FE00CED5BA /* Frameworks */ = {
			isa = PBXFrameworksBuildPhase;
			buildActionMask = 2147483647;
			files = (
			);
			runOnlyForDeploymentPostprocessing = 0;
		};
		2FA99AB32B3D51FE00CED5BA /* Frameworks */ = {
			isa = PBXFrameworksBuildPhase;
			buildActionMask = 2147483647;
			files = (
			);
			runOnlyForDeploymentPostprocessing = 0;
		};
/* End PBXFrameworksBuildPhase section */

/* Begin PBXGroup section */
		2F54948B2B3DC30400CAFF70 /* _previous */ = {
			isa = PBXGroup;
			children = (
				2F5494852B3DBA0E00CAFF70 /* PrevHomeView.swift */,
				2FA99AA12B3D51FB00CED5BA /* PrevContentView.swift */,
			);
			path = _previous;
			sourceTree = "<group>";
		};
		2FA99A932B3D51FB00CED5BA = {
			isa = PBXGroup;
			children = (
				2FA99A9E2B3D51FB00CED5BA /* XhreadApp */,
				2FA99AAF2B3D51FE00CED5BA /* XhreadAppTests */,
				2FA99AB92B3D51FE00CED5BA /* XhreadAppUITests */,
				2FA99A9D2B3D51FB00CED5BA /* Products */,
			);
			sourceTree = "<group>";
		};
		2FA99A9D2B3D51FB00CED5BA /* Products */ = {
			isa = PBXGroup;
			children = (
				2FA99A9C2B3D51FB00CED5BA /* Xhread.app */,
				2FA99AAC2B3D51FE00CED5BA /* XhreadTests.xctest */,
				2FA99AB62B3D51FE00CED5BA /* XhreadUITests.xctest */,
			);
			name = Products;
			sourceTree = "<group>";
		};
		2FA99A9E2B3D51FB00CED5BA /* XhreadApp */ = {
			isa = PBXGroup;
			children = (
				2FA99AA32B3D51FD00CED5BA /* Assets.xcassets */,
				2F04DD192B3D5FE200A9518E /* XhreadApp.swift */,
				2F5494872B3DBA4100CAFF70 /* HeaderView.swift */,
				2F5494892B3DBA9600CAFF70 /* ContentView.swift */,
				2F54948C2B3DDD4800CAFF70 /* CalloutView.swift */,
				2F54948B2B3DC30400CAFF70 /* _previous */,
				2FA99AA52B3D51FD00CED5BA /* Preview Content */,
			);
			path = XhreadApp;
			sourceTree = "<group>";
		};
		2FA99AA52B3D51FD00CED5BA /* Preview Content */ = {
			isa = PBXGroup;
			children = (
				2FA99AA62B3D51FD00CED5BA /* Preview Assets.xcassets */,
			);
			path = "Preview Content";
			sourceTree = "<group>";
		};
		2FA99AAF2B3D51FE00CED5BA /* XhreadAppTests */ = {
			isa = PBXGroup;
			children = (
				2FA99AB02B3D51FE00CED5BA /* XhreadAppTests.swift */,
			);
			path = XhreadAppTests;
			sourceTree = "<group>";
		};
		2FA99AB92B3D51FE00CED5BA /* XhreadAppUITests */ = {
			isa = PBXGroup;
			children = (
				2FA99ABA2B3D51FE00CED5BA /* XhreadAppUITests.swift */,
				2FA99ABC2B3D51FE00CED5BA /* XhreadAppUITestsLaunchTests.swift */,
			);
			path = XhreadAppUITests;
			sourceTree = "<group>";
		};
/* End PBXGroup section */

/* Begin PBXNativeTarget section */
		2FA99A9B2B3D51FB00CED5BA /* Xhread */ = {
			isa = PBXNativeTarget;
			buildConfigurationList = 2FA99AC02B3D51FE00CED5BA /* Build configuration list for PBXNativeTarget "Xhread" */;
			buildPhases = (
				2FA99A982B3D51FB00CED5BA /* Sources */,
				2FA99A992B3D51FB00CED5BA /* Frameworks */,
				2FA99A9A2B3D51FB00CED5BA /* Resources */,
			);
			buildRules = (
			);
			dependencies = (
			);
			name = Xhread;
			packageProductDependencies = (
			);
			productName = VoidProject;
			productReference = 2FA99A9C2B3D51FB00CED5BA /* Xhread.app */;
			productType = "com.apple.product-type.application";
		};
		2FA99AAB2B3D51FE00CED5BA /* XhreadTests */ = {
			isa = PBXNativeTarget;
			buildConfigurationList = 2FA99AC32B3D51FE00CED5BA /* Build configuration list for PBXNativeTarget "XhreadTests" */;
			buildPhases = (
				2FA99AA82B3D51FE00CED5BA /* Sources */,
				2FA99AA92B3D51FE00CED5BA /* Frameworks */,
				2FA99AAA2B3D51FE00CED5BA /* Resources */,
			);
			buildRules = (
			);
			dependencies = (
				2FA99AAE2B3D51FE00CED5BA /* PBXTargetDependency */,
			);
			name = XhreadTests;
			productName = VoidProjectTests;
			productReference = 2FA99AAC2B3D51FE00CED5BA /* XhreadTests.xctest */;
			productType = "com.apple.product-type.bundle.unit-test";
		};
		2FA99AB52B3D51FE00CED5BA /* XhreadUITests */ = {
			isa = PBXNativeTarget;
			buildConfigurationList = 2FA99AC62B3D51FE00CED5BA /* Build configuration list for PBXNativeTarget "XhreadUITests" */;
			buildPhases = (
				2FA99AB22B3D51FE00CED5BA /* Sources */,
				2FA99AB32B3D51FE00CED5BA /* Frameworks */,
				2FA99AB42B3D51FE00CED5BA /* Resources */,
			);
			buildRules = (
			);
			dependencies = (
				2FA99AB82B3D51FE00CED5BA /* PBXTargetDependency */,
			);
			name = XhreadUITests;
			productName = VoidProjectUITests;
			productReference = 2FA99AB62B3D51FE00CED5BA /* XhreadUITests.xctest */;
			productType = "com.apple.product-type.bundle.ui-testing";
		};
/* End PBXNativeTarget section */

/* Begin PBXProject section */
		2FA99A942B3D51FB00CED5BA /* Project object */ = {
			isa = PBXProject;
			attributes = {
				BuildIndependentTargetsInParallel = 1;
				LastSwiftUpdateCheck = 1510;
				LastUpgradeCheck = 1510;
				TargetAttributes = {
					2FA99A9B2B3D51FB00CED5BA = {
						CreatedOnToolsVersion = 15.1;
					};
					2FA99AAB2B3D51FE00CED5BA = {
						CreatedOnToolsVersion = 15.1;
						TestTargetID = 2FA99A9B2B3D51FB00CED5BA;
					};
					2FA99AB52B3D51FE00CED5BA = {
						CreatedOnToolsVersion = 15.1;
						TestTargetID = 2FA99A9B2B3D51FB00CED5BA;
					};
				};
			};
			buildConfigurationList = 2FA99A972B3D51FB00CED5BA /* Build configuration list for PBXProject "Xhread" */;
			compatibilityVersion = "Xcode 14.0";
			developmentRegion = en;
			hasScannedForEncodings = 0;
			knownRegions = (
				en,
				Base,
			);
			mainGroup = 2FA99A932B3D51FB00CED5BA;
			packageReferences = (
			);
			productRefGroup = 2FA99A9D2B3D51FB00CED5BA /* Products */;
			projectDirPath = "";
			projectRoot = "";
			targets = (
				2FA99A9B2B3D51FB00CED5BA /* Xhread */,
				2FA99AAB2B3D51FE00CED5BA /* XhreadTests */,
				2FA99AB52B3D51FE00CED5BA /* XhreadUITests */,
			);
		};
/* End PBXProject section */

/* Begin PBXResourcesBuildPhase section */
		2FA99A9A2B3D51FB00CED5BA /* Resources */ = {
			isa = PBXResourcesBuildPhase;
			buildActionMask = 2147483647;
			files = (
				2FA99AA72B3D51FD00CED5BA /* Preview Assets.xcassets in Resources */,
				2FA99AA42B3D51FD00CED5BA /* Assets.xcassets in Resources */,
			);
			runOnlyForDeploymentPostprocessing = 0;
		};
		2FA99AAA2B3D51FE00CED5BA /* Resources */ = {
			isa = PBXResourcesBuildPhase;
			buildActionMask = 2147483647;
			files = (
			);
			runOnlyForDeploymentPostprocessing = 0;
		};
		2FA99AB42B3D51FE00CED5BA /* Resources */ = {
			isa = PBXResourcesBuildPhase;
			buildActionMask = 2147483647;
			files = (
			);
			runOnlyForDeploymentPostprocessing = 0;
		};
/* End PBXResourcesBuildPhase section */

/* Begin PBXSourcesBuildPhase section */
		2FA99A982B3D51FB00CED5BA /* Sources */ = {
			isa = PBXSourcesBuildPhase;
			buildActionMask = 2147483647;
			files = (
				2F5494862B3DBA0E00CAFF70 /* PrevHomeView.swift in Sources */,
				2FA99AA22B3D51FB00CED5BA /* PrevContentView.swift in Sources */,
				2F04DD1A2B3D5FE200A9518E /* XhreadApp.swift in Sources */,
				2F54948A2B3DBA9600CAFF70 /* ContentView.swift in Sources */,
				2F5494882B3DBA4100CAFF70 /* HeaderView.swift in Sources */,
				2F54948D2B3DDD4800CAFF70 /* CalloutView.swift in Sources */,
			);
			runOnlyForDeploymentPostprocessing = 0;
		};
		2FA99AA82B3D51FE00CED5BA /* Sources */ = {
			isa = PBXSourcesBuildPhase;
			buildActionMask = 2147483647;
			files = (
				2FA99AB12B3D51FE00CED5BA /* XhreadAppTests.swift in Sources */,
			);
			runOnlyForDeploymentPostprocessing = 0;
		};
		2FA99AB22B3D51FE00CED5BA /* Sources */ = {
			isa = PBXSourcesBuildPhase;
			buildActionMask = 2147483647;
			files = (
				2FA99ABD2B3D51FE00CED5BA /* XhreadAppUITestsLaunchTests.swift in Sources */,
				2FA99ABB2B3D51FE00CED5BA /* XhreadAppUITests.swift in Sources */,
			);
			runOnlyForDeploymentPostprocessing = 0;
		};
/* End PBXSourcesBuildPhase section */

/* Begin PBXTargetDependency section */
		2FA99AAE2B3D51FE00CED5BA /* PBXTargetDependency */ = {
			isa = PBXTargetDependency;
			target = 2FA99A9B2B3D51FB00CED5BA /* Xhread */;
			targetProxy = 2FA99AAD2B3D51FE00CED5BA /* PBXContainerItemProxy */;
		};
		2FA99AB82B3D51FE00CED5BA /* PBXTargetDependency */ = {
			isa = PBXTargetDependency;
			target = 2FA99A9B2B3D51FB00CED5BA /* Xhread */;
			targetProxy = 2FA99AB72B3D51FE00CED5BA /* PBXContainerItemProxy */;
		};
/* End PBXTargetDependency section */

/* Begin XCBuildConfiguration section */
		2FA99ABE2B3D51FE00CED5BA /* Debug */ = {
			isa = XCBuildConfiguration;
			buildSettings = {
				ALWAYS_SEARCH_USER_PATHS = NO;
				ASSETCATALOG_COMPILER_GENERATE_SWIFT_ASSET_SYMBOL_EXTENSIONS = YES;
				CLANG_ANALYZER_NONNULL = YES;
				CLANG_ANALYZER_NUMBER_OBJECT_CONVERSION = YES_AGGRESSIVE;
				CLANG_CXX_LANGUAGE_STANDARD = "gnu++20";
				CLANG_ENABLE_MODULES = YES;
				CLANG_ENABLE_OBJC_ARC = YES;
				CLANG_ENABLE_OBJC_WEAK = YES;
				CLANG_WARN_BLOCK_CAPTURE_AUTORELEASING = YES;
				CLANG_WARN_BOOL_CONVERSION = YES;
				CLANG_WARN_COMMA = YES;
				CLANG_WARN_CONSTANT_CONVERSION = YES;
				CLANG_WARN_DEPRECATED_OBJC_IMPLEMENTATIONS = YES;
				CLANG_WARN_DIRECT_OBJC_ISA_USAGE = YES_ERROR;
				CLANG_WARN_DOCUMENTATION_COMMENTS = YES;
				CLANG_WARN_EMPTY_BODY = YES;
				CLANG_WARN_ENUM_CONVERSION = YES;
				CLANG_WARN_INFINITE_RECURSION = YES;
				CLANG_WARN_INT_CONVERSION = YES;
				CLANG_WARN_NON_LITERAL_NULL_CONVERSION = YES;
				CLANG_WARN_OBJC_IMPLICIT_RETAIN_SELF = YES;
				CLANG_WARN_OBJC_LITERAL_CONVERSION = YES;
				CLANG_WARN_OBJC_ROOT_CLASS = YES_ERROR;
				CLANG_WARN_QUOTED_INCLUDE_IN_FRAMEWORK_HEADER = YES;
				CLANG_WARN_RANGE_LOOP_ANALYSIS = YES;
				CLANG_WARN_STRICT_PROTOTYPES = YES;
				CLANG_WARN_SUSPICIOUS_MOVE = YES;
				CLANG_WARN_UNGUARDED_AVAILABILITY = YES_AGGRESSIVE;
				CLANG_WARN_UNREACHABLE_CODE = YES;
				CLANG_WARN__DUPLICATE_METHOD_MATCH = YES;
				COPY_PHASE_STRIP = NO;
				DEBUG_INFORMATION_FORMAT = dwarf;
				ENABLE_STRICT_OBJC_MSGSEND = YES;
				ENABLE_TESTABILITY = YES;
				ENABLE_USER_SCRIPT_SANDBOXING = YES;
				GCC_C_LANGUAGE_STANDARD = gnu17;
				GCC_DYNAMIC_NO_PIC = NO;
				GCC_NO_COMMON_BLOCKS = YES;
				GCC_OPTIMIZATION_LEVEL = 0;
				GCC_PREPROCESSOR_DEFINITIONS = (
					"DEBUG=1",
					"$(inherited)",
				);
				GCC_WARN_64_TO_32_BIT_CONVERSION = YES;
				GCC_WARN_ABOUT_RETURN_TYPE = YES_ERROR;
				GCC_WARN_UNDECLARED_SELECTOR = YES;
				GCC_WARN_UNINITIALIZED_AUTOS = YES_AGGRESSIVE;
				GCC_WARN_UNUSED_FUNCTION = YES;
				GCC_WARN_UNUSED_VARIABLE = YES;
				IPHONEOS_DEPLOYMENT_TARGET = 17.2;
				LOCALIZATION_PREFERS_STRING_CATALOGS = YES;
				MTL_ENABLE_DEBUG_INFO = INCLUDE_SOURCE;
				MTL_FAST_MATH = YES;
				ONLY_ACTIVE_ARCH = YES;
				SDKROOT = iphoneos;
				SWIFT_ACTIVE_COMPILATION_CONDITIONS = "DEBUG $(inherited)";
				SWIFT_OPTIMIZATION_LEVEL = "-Onone";
			};
			name = Debug;
		};
		2FA99ABF2B3D51FE00CED5BA /* Release */ = {
			isa = XCBuildConfiguration;
			buildSettings = {
				ALWAYS_SEARCH_USER_PATHS = NO;
				ASSETCATALOG_COMPILER_GENERATE_SWIFT_ASSET_SYMBOL_EXTENSIONS = YES;
				CLANG_ANALYZER_NONNULL = YES;
				CLANG_ANALYZER_NUMBER_OBJECT_CONVERSION = YES_AGGRESSIVE;
				CLANG_CXX_LANGUAGE_STANDARD = "gnu++20";
				CLANG_ENABLE_MODULES = YES;
				CLANG_ENABLE_OBJC_ARC = YES;
				CLANG_ENABLE_OBJC_WEAK = YES;
				CLANG_WARN_BLOCK_CAPTURE_AUTORELEASING = YES;
				CLANG_WARN_BOOL_CONVERSION = YES;
				CLANG_WARN_COMMA = YES;
				CLANG_WARN_CONSTANT_CONVERSION = YES;
				CLANG_WARN_DEPRECATED_OBJC_IMPLEMENTATIONS = YES;
				CLANG_WARN_DIRECT_OBJC_ISA_USAGE = YES_ERROR;
				CLANG_WARN_DOCUMENTATION_COMMENTS = YES;
				CLANG_WARN_EMPTY_BODY = YES;
				CLANG_WARN_ENUM_CONVERSION = YES;
				CLANG_WARN_INFINITE_RECURSION = YES;
				CLANG_WARN_INT_CONVERSION = YES;
				CLANG_WARN_NON_LITERAL_NULL_CONVERSION = YES;
				CLANG_WARN_OBJC_IMPLICIT_RETAIN_SELF = YES;
				CLANG_WARN_OBJC_LITERAL_CONVERSION = YES;
				CLANG_WARN_OBJC_ROOT_CLASS = YES_ERROR;
				CLANG_WARN_QUOTED_INCLUDE_IN_FRAMEWORK_HEADER = YES;
				CLANG_WARN_RANGE_LOOP_ANALYSIS = YES;
				CLANG_WARN_STRICT_PROTOTYPES = YES;
				CLANG_WARN_SUSPICIOUS_MOVE = YES;
				CLANG_WARN_UNGUARDED_AVAILABILITY = YES_AGGRESSIVE;
				CLANG_WARN_UNREACHABLE_CODE = YES;
				CLANG_WARN__DUPLICATE_METHOD_MATCH = YES;
				COPY_PHASE_STRIP = NO;
				DEBUG_INFORMATION_FORMAT = "dwarf-with-dsym";
				ENABLE_NS_ASSERTIONS = NO;
				ENABLE_STRICT_OBJC_MSGSEND = YES;
				ENABLE_USER_SCRIPT_SANDBOXING = YES;
				GCC_C_LANGUAGE_STANDARD = gnu17;
				GCC_NO_COMMON_BLOCKS = YES;
				GCC_WARN_64_TO_32_BIT_CONVERSION = YES;
				GCC_WARN_ABOUT_RETURN_TYPE = YES_ERROR;
				GCC_WARN_UNDECLARED_SELECTOR = YES;
				GCC_WARN_UNINITIALIZED_AUTOS = YES_AGGRESSIVE;
				GCC_WARN_UNUSED_FUNCTION = YES;
				GCC_WARN_UNUSED_VARIABLE = YES;
				IPHONEOS_DEPLOYMENT_TARGET = 17.2;
				LOCALIZATION_PREFERS_STRING_CATALOGS = YES;
				MTL_ENABLE_DEBUG_INFO = NO;
				MTL_FAST_MATH = YES;
				SDKROOT = iphoneos;
				SWIFT_COMPILATION_MODE = wholemodule;
				VALIDATE_PRODUCT = YES;
			};
			name = Release;
		};
		2FA99AC12B3D51FE00CED5BA /* Debug */ = {
			isa = XCBuildConfiguration;
			buildSettings = {
				ASSETCATALOG_COMPILER_APPICON_NAME = AppIcon;
				ASSETCATALOG_COMPILER_GLOBAL_ACCENT_COLOR_NAME = AccentColor;
				ASSETCATALOG_COMPILER_INCLUDE_ALL_APPICON_ASSETS = NO;
				CODE_SIGN_IDENTITY = "Apple Development";
				CODE_SIGN_STYLE = Automatic;
				CURRENT_PROJECT_VERSION = 1;
				DEVELOPMENT_ASSET_PATHS = "\"XhreadApp/Preview Content\"";
				DEVELOPMENT_TEAM = 3R3XQ3LK6F;
				ENABLE_PREVIEWS = YES;
				GENERATE_INFOPLIST_FILE = YES;
				INFOPLIST_KEY_LSApplicationCategoryType = "public.app-category.social-networking";
				INFOPLIST_KEY_UIApplicationSceneManifest_Generation = YES;
				INFOPLIST_KEY_UIApplicationSupportsIndirectInputEvents = YES;
				INFOPLIST_KEY_UILaunchScreen_Generation = YES;
				INFOPLIST_KEY_UISupportedInterfaceOrientations_iPad = "UIInterfaceOrientationPortrait UIInterfaceOrientationPortraitUpsideDown UIInterfaceOrientationLandscapeLeft UIInterfaceOrientationLandscapeRight";
				INFOPLIST_KEY_UISupportedInterfaceOrientations_iPhone = "UIInterfaceOrientationPortrait UIInterfaceOrientationLandscapeLeft UIInterfaceOrientationLandscapeRight";
				LD_RUNPATH_SEARCH_PATHS = (
					"$(inherited)",
					"@executable_path/Frameworks",
				);
				MARKETING_VERSION = 1.0;
				PRODUCT_BUNDLE_IDENTIFIER = borley1211.Xhread;
				PRODUCT_NAME = "$(TARGET_NAME)";
				PROVISIONING_PROFILE_SPECIFIER = "";
				SWIFT_EMIT_LOC_STRINGS = YES;
				SWIFT_VERSION = 5.0;
				TARGETED_DEVICE_FAMILY = "1,2";
			};
			name = Debug;
		};
		2FA99AC22B3D51FE00CED5BA /* Release */ = {
			isa = XCBuildConfiguration;
			buildSettings = {
				ASSETCATALOG_COMPILER_APPICON_NAME = AppIcon;
				ASSETCATALOG_COMPILER_GLOBAL_ACCENT_COLOR_NAME = AccentColor;
				ASSETCATALOG_COMPILER_INCLUDE_ALL_APPICON_ASSETS = NO;
				CODE_SIGN_STYLE = Automatic;
				CURRENT_PROJECT_VERSION = 1;
				DEVELOPMENT_ASSET_PATHS = "\"XhreadApp/Preview Content\"";
				DEVELOPMENT_TEAM = 3R3XQ3LK6F;
				ENABLE_PREVIEWS = YES;
				GENERATE_INFOPLIST_FILE = YES;
				INFOPLIST_KEY_LSApplicationCategoryType = "public.app-category.social-networking";
				INFOPLIST_KEY_UIApplicationSceneManifest_Generation = YES;
				INFOPLIST_KEY_UIApplicationSupportsIndirectInputEvents = YES;
				INFOPLIST_KEY_UILaunchScreen_Generation = YES;
				INFOPLIST_KEY_UISupportedInterfaceOrientations_iPad = "UIInterfaceOrientationPortrait UIInterfaceOrientationPortraitUpsideDown UIInterfaceOrientationLandscapeLeft UIInterfaceOrientationLandscapeRight";
				INFOPLIST_KEY_UISupportedInterfaceOrientations_iPhone = "UIInterfaceOrientationPortrait UIInterfaceOrientationLandscapeLeft UIInterfaceOrientationLandscapeRight";
				LD_RUNPATH_SEARCH_PATHS = (
					"$(inherited)",
					"@executable_path/Frameworks",
				);
				MARKETING_VERSION = 1.0;
				PRODUCT_BUNDLE_IDENTIFIER = borley1211.Xhread;
				PRODUCT_NAME = "$(TARGET_NAME)";
				SWIFT_EMIT_LOC_STRINGS = YES;
				SWIFT_VERSION = 5.0;
				TARGETED_DEVICE_FAMILY = "1,2";
			};
			name = Release;
		};
		2FA99AC42B3D51FE00CED5BA /* Debug */ = {
			isa = XCBuildConfiguration;
			buildSettings = {
				ALWAYS_EMBED_SWIFT_STANDARD_LIBRARIES = YES;
				BUNDLE_LOADER = "$(TEST_HOST)";
				CODE_SIGN_STYLE = Automatic;
				CURRENT_PROJECT_VERSION = 1;
				GENERATE_INFOPLIST_FILE = YES;
				IPHONEOS_DEPLOYMENT_TARGET = 17.2;
				MARKETING_VERSION = 1.0;
				PRODUCT_BUNDLE_IDENTIFIER = borley1211.XhreadAppTests;
				PRODUCT_NAME = "$(TARGET_NAME)";
				SWIFT_EMIT_LOC_STRINGS = NO;
				SWIFT_VERSION = 5.0;
				TARGETED_DEVICE_FAMILY = "1,2";
				TEST_HOST = "$(BUILT_PRODUCTS_DIR)/Xhread.app/$(BUNDLE_EXECUTABLE_FOLDER_PATH)/Xhread";
			};
			name = Debug;
		};
		2FA99AC52B3D51FE00CED5BA /* Release */ = {
			isa = XCBuildConfiguration;
			buildSettings = {
				ALWAYS_EMBED_SWIFT_STANDARD_LIBRARIES = YES;
				BUNDLE_LOADER = "$(TEST_HOST)";
				CODE_SIGN_STYLE = Automatic;
				CURRENT_PROJECT_VERSION = 1;
				GENERATE_INFOPLIST_FILE = YES;
				IPHONEOS_DEPLOYMENT_TARGET = 17.2;
				MARKETING_VERSION = 1.0;
				PRODUCT_BUNDLE_IDENTIFIER = borley1211.XhreadAppTests;
				PRODUCT_NAME = "$(TARGET_NAME)";
				SWIFT_EMIT_LOC_STRINGS = NO;
				SWIFT_VERSION = 5.0;
				TARGETED_DEVICE_FAMILY = "1,2";
				TEST_HOST = "$(BUILT_PRODUCTS_DIR)/Xhread.app/$(BUNDLE_EXECUTABLE_FOLDER_PATH)/Xhread";
			};
			name = Release;
		};
		2FA99AC72B3D51FE00CED5BA /* Debug */ = {
			isa = XCBuildConfiguration;
			buildSettings = {
				ALWAYS_EMBED_SWIFT_STANDARD_LIBRARIES = YES;
				CODE_SIGN_STYLE = Automatic;
				CURRENT_PROJECT_VERSION = 1;
				GENERATE_INFOPLIST_FILE = YES;
				MARKETING_VERSION = 1.0;
				PRODUCT_BUNDLE_IDENTIFIER = borley1211.XhreadAppUITests;
				PRODUCT_NAME = "$(TARGET_NAME)";
				SWIFT_EMIT_LOC_STRINGS = NO;
				SWIFT_VERSION = 5.0;
				TARGETED_DEVICE_FAMILY = "1,2";
				TEST_TARGET_NAME = XhreadApp;
			};
			name = Debug;
		};
		2FA99AC82B3D51FE00CED5BA /* Release */ = {
			isa = XCBuildConfiguration;
			buildSettings = {
				ALWAYS_EMBED_SWIFT_STANDARD_LIBRARIES = YES;
				CODE_SIGN_STYLE = Automatic;
				CURRENT_PROJECT_VERSION = 1;
				GENERATE_INFOPLIST_FILE = YES;
				MARKETING_VERSION = 1.0;
				PRODUCT_BUNDLE_IDENTIFIER = borley1211.XhreadAppUITests;
				PRODUCT_NAME = "$(TARGET_NAME)";
				SWIFT_EMIT_LOC_STRINGS = NO;
				SWIFT_VERSION = 5.0;
				TARGETED_DEVICE_FAMILY = "1,2";
				TEST_TARGET_NAME = XhreadApp;
			};
			name = Release;
		};
/* End XCBuildConfiguration section */

/* Begin XCConfigurationList section */
		2FA99A972B3D51FB00CED5BA /* Build configuration list for PBXProject "Xhread" */ = {
			isa = XCConfigurationList;
			buildConfigurations = (
				2FA99ABE2B3D51FE00CED5BA /* Debug */,
				2FA99ABF2B3D51FE00CED5BA /* Release */,
			);
			defaultConfigurationIsVisible = 0;
			defaultConfigurationName = Release;
		};
		2FA99AC02B3D51FE00CED5BA /* Build configuration list for PBXNativeTarget "Xhread" */ = {
			isa = XCConfigurationList;
			buildConfigurations = (
				2FA99AC12B3D51FE00CED5BA /* Debug */,
				2FA99AC22B3D51FE00CED5BA /* Release */,
			);
			defaultConfigurationIsVisible = 0;
			defaultConfigurationName = Release;
		};
		2FA99AC32B3D51FE00CED5BA /* Build configuration list for PBXNativeTarget "XhreadTests" */ = {
			isa = XCConfigurationList;
			buildConfigurations = (
				2FA99AC42B3D51FE00CED5BA /* Debug */,
				2FA99AC52B3D51FE00CED5BA /* Release */,
			);
			defaultConfigurationIsVisible = 0;
			defaultConfigurationName = Release;
		};
		2FA99AC62B3D51FE00CED5BA /* Build configuration list for PBXNativeTarget "XhreadUITests" */ = {
			isa = XCConfigurationList;
			buildConfigurations = (
				2FA99AC72B3D51FE00CED5BA /* Debug */,
				2FA99AC82B3D51FE00CED5BA /* Release */,
			);
			defaultConfigurationIsVisible = 0;
			defaultConfigurationName = Release;
		};
/* End XCConfigurationList section */
	};
	rootObject = 2FA99A942B3D51FB00CED5BA /* Project object */;
}
